// !$*UTF8*$!
{
	archiveVersion = 1;
	classes = {
	};
	objectVersion = 46;
	objects = {

/* Begin PBXBuildFile section */
		1A1C2FEB18E20AC000CF7B34 /* Foundation.framework in Frameworks */ = {isa = PBXBuildFile; fileRef = 1A1C2FEA18E20AC000CF7B34 /* Foundation.framework */; };
		1A1C2FED18E20AC000CF7B34 /* CoreGraphics.framework in Frameworks */ = {isa = PBXBuildFile; fileRef = 1A1C2FEC18E20AC000CF7B34 /* CoreGraphics.framework */; };
		1A1C2FEF18E20AC000CF7B34 /* UIKit.framework in Frameworks */ = {isa = PBXBuildFile; fileRef = 1A1C2FEE18E20AC000CF7B34 /* UIKit.framework */; };
		1A1C2FF518E20AC000CF7B34 /* InfoPlist.strings in Resources */ = {isa = PBXBuildFile; fileRef = 1A1C2FF318E20AC000CF7B34 /* InfoPlist.strings */; };
		1A1C2FF718E20AC000CF7B34 /* main.m in Sources */ = {isa = PBXBuildFile; fileRef = 1A1C2FF618E20AC000CF7B34 /* main.m */; };
		1A1C2FFB18E20AC000CF7B34 /* SUPAppDelegate.m in Sources */ = {isa = PBXBuildFile; fileRef = 1A1C2FFA18E20AC000CF7B34 /* SUPAppDelegate.m */; };
		1A1C2FFE18E20AC000CF7B34 /* Main.storyboard in Resources */ = {isa = PBXBuildFile; fileRef = 1A1C2FFC18E20AC000CF7B34 /* Main.storyboard */; };
		1A1C300118E20AC000CF7B34 /* SUPViewController.m in Sources */ = {isa = PBXBuildFile; fileRef = 1A1C300018E20AC000CF7B34 /* SUPViewController.m */; };
		1A1C300318E20AC000CF7B34 /* Images.xcassets in Resources */ = {isa = PBXBuildFile; fileRef = 1A1C300218E20AC000CF7B34 /* Images.xcassets */; };
		1A1C300A18E20AC000CF7B34 /* XCTest.framework in Frameworks */ = {isa = PBXBuildFile; fileRef = 1A1C300918E20AC000CF7B34 /* XCTest.framework */; };
		1A1C300B18E20AC000CF7B34 /* Foundation.framework in Frameworks */ = {isa = PBXBuildFile; fileRef = 1A1C2FEA18E20AC000CF7B34 /* Foundation.framework */; };
		1A1C300C18E20AC000CF7B34 /* UIKit.framework in Frameworks */ = {isa = PBXBuildFile; fileRef = 1A1C2FEE18E20AC000CF7B34 /* UIKit.framework */; };
		1A1C301418E20AC000CF7B34 /* InfoPlist.strings in Resources */ = {isa = PBXBuildFile; fileRef = 1A1C301218E20AC000CF7B34 /* InfoPlist.strings */; };
		1A1C301618E20AC000CF7B34 /* gridTests.m in Sources */ = {isa = PBXBuildFile; fileRef = 1A1C301518E20AC000CF7B34 /* gridTests.m */; };
/* End PBXBuildFile section */

/* Begin PBXContainerItemProxy section */
		1A1C300D18E20AC000CF7B34 /* PBXContainerItemProxy */ = {
			isa = PBXContainerItemProxy;
			containerPortal = 1A1C2FDF18E20AC000CF7B34 /* Project object */;
			proxyType = 1;
			remoteGlobalIDString = 1A1C2FE618E20AC000CF7B34;
			remoteInfo = grid;
		};
/* End PBXContainerItemProxy section */

/* Begin PBXFileReference section */
		1A1C2FE718E20AC000CF7B34 /* grid.app */ = {isa = PBXFileReference; explicitFileType = wrapper.application; includeInIndex = 0; path = grid.app; sourceTree = BUILT_PRODUCTS_DIR; };
		1A1C2FEA18E20AC000CF7B34 /* Foundation.framework */ = {isa = PBXFileReference; lastKnownFileType = wrapper.framework; name = Foundation.framework; path = System/Library/Frameworks/Foundation.framework; sourceTree = SDKROOT; };
		1A1C2FEC18E20AC000CF7B34 /* CoreGraphics.framework */ = {isa = PBXFileReference; lastKnownFileType = wrapper.framework; name = CoreGraphics.framework; path = System/Library/Frameworks/CoreGraphics.framework; sourceTree = SDKROOT; };
		1A1C2FEE18E20AC000CF7B34 /* UIKit.framework */ = {isa = PBXFileReference; lastKnownFileType = wrapper.framework; name = UIKit.framework; path = System/Library/Frameworks/UIKit.framework; sourceTree = SDKROOT; };
		1A1C2FF218E20AC000CF7B34 /* grid-Info.plist */ = {isa = PBXFileReference; lastKnownFileType = text.plist.xml; path = "grid-Info.plist"; sourceTree = "<group>"; };
		1A1C2FF418E20AC000CF7B34 /* en */ = {isa = PBXFileReference; lastKnownFileType = text.plist.strings; name = en; path = en.lproj/InfoPlist.strings; sourceTree = "<group>"; };
		1A1C2FF618E20AC000CF7B34 /* main.m */ = {isa = PBXFileReference; lastKnownFileType = sourcecode.c.objc; path = main.m; sourceTree = "<group>"; };
		1A1C2FF818E20AC000CF7B34 /* grid-Prefix.pch */ = {isa = PBXFileReference; lastKnownFileType = sourcecode.c.h; path = "grid-Prefix.pch"; sourceTree = "<group>"; };
		1A1C2FF918E20AC000CF7B34 /* SUPAppDelegate.h */ = {isa = PBXFileReference; lastKnownFileType = sourcecode.c.h; path = SUPAppDelegate.h; sourceTree = "<group>"; };
		1A1C2FFA18E20AC000CF7B34 /* SUPAppDelegate.m */ = {isa = PBXFileReference; lastKnownFileType = sourcecode.c.objc; path = SUPAppDelegate.m; sourceTree = "<group>"; };
		1A1C2FFD18E20AC000CF7B34 /* Base */ = {isa = PBXFileReference; lastKnownFileType = file.storyboard; name = Base; path = Base.lproj/Main.storyboard; sourceTree = "<group>"; };
		1A1C2FFF18E20AC000CF7B34 /* SUPViewController.h */ = {isa = PBXFileReference; lastKnownFileType = sourcecode.c.h; path = SUPViewController.h; sourceTree = "<group>"; };
		1A1C300018E20AC000CF7B34 /* SUPViewController.m */ = {isa = PBXFileReference; lastKnownFileType = sourcecode.c.objc; path = SUPViewController.m; sourceTree = "<group>"; };
		1A1C300218E20AC000CF7B34 /* Images.xcassets */ = {isa = PBXFileReference; lastKnownFileType = folder.assetcatalog; path = Images.xcassets; sourceTree = "<group>"; };
		1A1C300818E20AC000CF7B34 /* gridTests.xctest */ = {isa = PBXFileReference; explicitFileType = wrapper.cfbundle; includeInIndex = 0; path = gridTests.xctest; sourceTree = BUILT_PRODUCTS_DIR; };
		1A1C300918E20AC000CF7B34 /* XCTest.framework */ = {isa = PBXFileReference; lastKnownFileType = wrapper.framework; name = XCTest.framework; path = Library/Frameworks/XCTest.framework; sourceTree = DEVELOPER_DIR; };
		1A1C301118E20AC000CF7B34 /* gridTests-Info.plist */ = {isa = PBXFileReference; lastKnownFileType = text.plist.xml; path = "gridTests-Info.plist"; sourceTree = "<group>"; };
		1A1C301318E20AC000CF7B34 /* en */ = {isa = PBXFileReference; lastKnownFileType = text.plist.strings; name = en; path = en.lproj/InfoPlist.strings; sourceTree = "<group>"; };
		1A1C301518E20AC000CF7B34 /* gridTests.m */ = {isa = PBXFileReference; lastKnownFileType = sourcecode.c.objc; path = gridTests.m; sourceTree = "<group>"; };
/* End PBXFileReference section */

/* Begin PBXFrameworksBuildPhase section */
		1A1C2FE418E20AC000CF7B34 /* Frameworks */ = {
			isa = PBXFrameworksBuildPhase;
			buildActionMask = 2147483647;
			files = (
				1A1C2FED18E20AC000CF7B34 /* CoreGraphics.framework in Frameworks */,
				1A1C2FEF18E20AC000CF7B34 /* UIKit.framework in Frameworks */,
				1A1C2FEB18E20AC000CF7B34 /* Foundation.framework in Frameworks */,
			);
			runOnlyForDeploymentPostprocessing = 0;
		};
		1A1C300518E20AC000CF7B34 /* Frameworks */ = {
			isa = PBXFrameworksBuildPhase;
			buildActionMask = 2147483647;
			files = (
				1A1C300A18E20AC000CF7B34 /* XCTest.framework in Frameworks */,
				1A1C300C18E20AC000CF7B34 /* UIKit.framework in Frameworks */,
				1A1C300B18E20AC000CF7B34 /* Foundation.framework in Frameworks */,
			);
			runOnlyForDeploymentPostprocessing = 0;
		};
/* End PBXFrameworksBuildPhase section */

/* Begin PBXGroup section */
		1A1C2FDE18E20AC000CF7B34 = {
			isa = PBXGroup;
			children = (
				1A1C2FF018E20AC000CF7B34 /* grid */,
				1A1C300F18E20AC000CF7B34 /* gridTests */,
				1A1C2FE918E20AC000CF7B34 /* Frameworks */,
				1A1C2FE818E20AC000CF7B34 /* Products */,
			);
			sourceTree = "<group>";
		};
		1A1C2FE818E20AC000CF7B34 /* Products */ = {
			isa = PBXGroup;
			children = (
				1A1C2FE718E20AC000CF7B34 /* grid.app */,
				1A1C300818E20AC000CF7B34 /* gridTests.xctest */,
			);
			name = Products;
			sourceTree = "<group>";
		};
		1A1C2FE918E20AC000CF7B34 /* Frameworks */ = {
			isa = PBXGroup;
			children = (
				1A1C2FEA18E20AC000CF7B34 /* Foundation.framework */,
				1A1C2FEC18E20AC000CF7B34 /* CoreGraphics.framework */,
				1A1C2FEE18E20AC000CF7B34 /* UIKit.framework */,
				1A1C300918E20AC000CF7B34 /* XCTest.framework */,
			);
			name = Frameworks;
			sourceTree = "<group>";
		};
		1A1C2FF018E20AC000CF7B34 /* grid */ = {
			isa = PBXGroup;
			children = (
				1A1C2FF918E20AC000CF7B34 /* SUPAppDelegate.h */,
				1A1C2FFA18E20AC000CF7B34 /* SUPAppDelegate.m */,
				1A1C2FFC18E20AC000CF7B34 /* Main.storyboard */,
				1A1C2FFF18E20AC000CF7B34 /* SUPViewController.h */,
				1A1C300018E20AC000CF7B34 /* SUPViewController.m */,
				1A1C300218E20AC000CF7B34 /* Images.xcassets */,
				1A1C2FF118E20AC000CF7B34 /* Supporting Files */,
			);
			path = grid;
			sourceTree = "<group>";
		};
		1A1C2FF118E20AC000CF7B34 /* Supporting Files */ = {
			isa = PBXGroup;
			children = (
				1A1C2FF218E20AC000CF7B34 /* grid-Info.plist */,
				1A1C2FF318E20AC000CF7B34 /* InfoPlist.strings */,
				1A1C2FF618E20AC000CF7B34 /* main.m */,
				1A1C2FF818E20AC000CF7B34 /* grid-Prefix.pch */,
			);
			name = "Supporting Files";
			sourceTree = "<group>";
		};
		1A1C300F18E20AC000CF7B34 /* gridTests */ = {
			isa = PBXGroup;
			children = (
				1A1C301518E20AC000CF7B34 /* gridTests.m */,
				1A1C301018E20AC000CF7B34 /* Supporting Files */,
			);
			path = gridTests;
			sourceTree = "<group>";
		};
		1A1C301018E20AC000CF7B34 /* Supporting Files */ = {
			isa = PBXGroup;
			children = (
				1A1C301118E20AC000CF7B34 /* gridTests-Info.plist */,
				1A1C301218E20AC000CF7B34 /* InfoPlist.strings */,
			);
			name = "Supporting Files";
			sourceTree = "<group>";
		};
/* End PBXGroup section */

/* Begin PBXNativeTarget section */
		1A1C2FE618E20AC000CF7B34 /* grid */ = {
			isa = PBXNativeTarget;
			buildConfigurationList = 1A1C301918E20AC000CF7B34 /* Build configuration list for PBXNativeTarget "grid" */;
			buildPhases = (
				1A1C2FE318E20AC000CF7B34 /* Sources */,
				1A1C2FE418E20AC000CF7B34 /* Frameworks */,
				1A1C2FE518E20AC000CF7B34 /* Resources */,
			);
			buildRules = (
			);
			dependencies = (
			);
			name = grid;
			productName = grid;
			productReference = 1A1C2FE718E20AC000CF7B34 /* grid.app */;
			productType = "com.apple.product-type.application";
		};
		1A1C300718E20AC000CF7B34 /* gridTests */ = {
			isa = PBXNativeTarget;
			buildConfigurationList = 1A1C301C18E20AC000CF7B34 /* Build configuration list for PBXNativeTarget "gridTests" */;
			buildPhases = (
				1A1C300418E20AC000CF7B34 /* Sources */,
				1A1C300518E20AC000CF7B34 /* Frameworks */,
				1A1C300618E20AC000CF7B34 /* Resources */,
			);
			buildRules = (
			);
			dependencies = (
				1A1C300E18E20AC000CF7B34 /* PBXTargetDependency */,
			);
			name = gridTests;
			productName = gridTests;
			productReference = 1A1C300818E20AC000CF7B34 /* gridTests.xctest */;
			productType = "com.apple.product-type.bundle.unit-test";
		};
/* End PBXNativeTarget section */

/* Begin PBXProject section */
		1A1C2FDF18E20AC000CF7B34 /* Project object */ = {
			isa = PBXProject;
			attributes = {
				CLASSPREFIX = SUP;
				LastUpgradeCheck = 0510;
				ORGANIZATIONNAME = "Padraig Kennedy";
				TargetAttributes = {
					1A1C300718E20AC000CF7B34 = {
						TestTargetID = 1A1C2FE618E20AC000CF7B34;
					};
				};
			};
			buildConfigurationList = 1A1C2FE218E20AC000CF7B34 /* Build configuration list for PBXProject "grid" */;
			compatibilityVersion = "Xcode 3.2";
			developmentRegion = English;
			hasScannedForEncodings = 0;
			knownRegions = (
				en,
				Base,
			);
			mainGroup = 1A1C2FDE18E20AC000CF7B34;
			productRefGroup = 1A1C2FE818E20AC000CF7B34 /* Products */;
			projectDirPath = "";
			projectRoot = "";
			targets = (
				1A1C2FE618E20AC000CF7B34 /* grid */,
				1A1C300718E20AC000CF7B34 /* gridTests */,
			);
		};
/* End PBXProject section */

/* Begin PBXResourcesBuildPhase section */
		1A1C2FE518E20AC000CF7B34 /* Resources */ = {
			isa = PBXResourcesBuildPhase;
			buildActionMask = 2147483647;
			files = (
				1A1C300318E20AC000CF7B34 /* Images.xcassets in Resources */,
				1A1C2FF518E20AC000CF7B34 /* InfoPlist.strings in Resources */,
				1A1C2FFE18E20AC000CF7B34 /* Main.storyboard in Resources */,
			);
			runOnlyForDeploymentPostprocessing = 0;
		};
		1A1C300618E20AC000CF7B34 /* Resources */ = {
			isa = PBXResourcesBuildPhase;
			buildActionMask = 2147483647;
			files = (
				1A1C301418E20AC000CF7B34 /* InfoPlist.strings in Resources */,
			);
			runOnlyForDeploymentPostprocessing = 0;
		};
/* End PBXResourcesBuildPhase section */

/* Begin PBXSourcesBuildPhase section */
		1A1C2FE318E20AC000CF7B34 /* Sources */ = {
			isa = PBXSourcesBuildPhase;
			buildActionMask = 2147483647;
			files = (
				1A1C300118E20AC000CF7B34 /* SUPViewController.m in Sources */,
				1A1C2FF718E20AC000CF7B34 /* main.m in Sources */,
				1A1C2FFB18E20AC000CF7B34 /* SUPAppDelegate.m in Sources */,
			);
			runOnlyForDeploymentPostprocessing = 0;
		};
		1A1C300418E20AC000CF7B34 /* Sources */ = {
			isa = PBXSourcesBuildPhase;
			buildActionMask = 2147483647;
			files = (
				1A1C301618E20AC000CF7B34 /* gridTests.m in Sources */,
			);
			runOnlyForDeploymentPostprocessing = 0;
		};
/* End PBXSourcesBuildPhase section */

/* Begin PBXTargetDependency section */
		1A1C300E18E20AC000CF7B34 /* PBXTargetDependency */ = {
			isa = PBXTargetDependency;
			target = 1A1C2FE618E20AC000CF7B34 /* grid */;
			targetProxy = 1A1C300D18E20AC000CF7B34 /* PBXContainerItemProxy */;
		};
/* End PBXTargetDependency section */

/* Begin PBXVariantGroup section */
		1A1C2FF318E20AC000CF7B34 /* InfoPlist.strings */ = {
			isa = PBXVariantGroup;
			children = (
				1A1C2FF418E20AC000CF7B34 /* en */,
			);
			name = InfoPlist.strings;
			sourceTree = "<group>";
		};
		1A1C2FFC18E20AC000CF7B34 /* Main.storyboard */ = {
			isa = PBXVariantGroup;
			children = (
				1A1C2FFD18E20AC000CF7B34 /* Base */,
			);
			name = Main.storyboard;
			sourceTree = "<group>";
		};
		1A1C301218E20AC000CF7B34 /* InfoPlist.strings */ = {
			isa = PBXVariantGroup;
			children = (
				1A1C301318E20AC000CF7B34 /* en */,
			);
			name = InfoPlist.strings;
			sourceTree = "<group>";
		};
/* End PBXVariantGroup section */

/* Begin XCBuildConfiguration section */
		1A1C301718E20AC000CF7B34 /* Debug */ = {
			isa = XCBuildConfiguration;
			buildSettings = {
				ALWAYS_SEARCH_USER_PATHS = NO;
				CLANG_CXX_LANGUAGE_STANDARD = "gnu++0x";
				CLANG_CXX_LIBRARY = "libc++";
				CLANG_ENABLE_MODULES = YES;
				CLANG_ENABLE_OBJC_ARC = YES;
				CLANG_WARN_BOOL_CONVERSION = YES;
				CLANG_WARN_CONSTANT_CONVERSION = YES;
				CLANG_WARN_DIRECT_OBJC_ISA_USAGE = YES_ERROR;
				CLANG_WARN_EMPTY_BODY = YES;
				CLANG_WARN_ENUM_CONVERSION = YES;
				CLANG_WARN_INT_CONVERSION = YES;
				CLANG_WARN_OBJC_ROOT_CLASS = YES_ERROR;
				CLANG_WARN__DUPLICATE_METHOD_MATCH = YES;
				"CODE_SIGN_IDENTITY[sdk=iphoneos*]" = "iPhone Developer";
				COPY_PHASE_STRIP = NO;
				GCC_C_LANGUAGE_STANDARD = gnu99;
				GCC_DYNAMIC_NO_PIC = NO;
				GCC_OPTIMIZATION_LEVEL = 0;
				GCC_PREPROCESSOR_DEFINITIONS = (
					"DEBUG=1",
					"$(inherited)",
				);
				GCC_SYMBOLS_PRIVATE_EXTERN = NO;
				GCC_WARN_64_TO_32_BIT_CONVERSION = YES;
				GCC_WARN_ABOUT_RETURN_TYPE = YES_ERROR;
				GCC_WARN_UNDECLARED_SELECTOR = YES;
				GCC_WARN_UNINITIALIZED_AUTOS = YES_AGGRESSIVE;
				GCC_WARN_UNUSED_FUNCTION = YES;
				GCC_WARN_UNUSED_VARIABLE = YES;
				IPHONEOS_DEPLOYMENT_TARGET = 7.1;
				ONLY_ACTIVE_ARCH = YES;
				SDKROOT = iphoneos;
			};
			name = Debug;
		};
		1A1C301818E20AC000CF7B34 /* Release */ = {
			isa = XCBuildConfiguration;
			buildSettings = {
				ALWAYS_SEARCH_USER_PATHS = NO;
				CLANG_CXX_LANGUAGE_STANDARD = "gnu++0x";
				CLANG_CXX_LIBRARY = "libc++";
				CLANG_ENABLE_MODULES = YES;
				CLANG_ENABLE_OBJC_ARC = YES;
				CLANG_WARN_BOOL_CONVERSION = YES;
				CLANG_WARN_CONSTANT_CONVERSION = YES;
				CLANG_WARN_DIRECT_OBJC_ISA_USAGE = YES_ERROR;
				CLANG_WARN_EMPTY_BODY = YES;
				CLANG_WARN_ENUM_CONVERSION = YES;
				CLANG_WARN_INT_CONVERSION = YES;
				CLANG_WARN_OBJC_ROOT_CLASS = YES_ERROR;
				CLANG_WARN__DUPLICATE_METHOD_MATCH = YES;
				"CODE_SIGN_IDENTITY[sdk=iphoneos*]" = "iPhone Developer";
				COPY_PHASE_STRIP = YES;
				ENABLE_NS_ASSERTIONS = NO;
				GCC_C_LANGUAGE_STANDARD = gnu99;
				GCC_WARN_64_TO_32_BIT_CONVERSION = YES;
				GCC_WARN_ABOUT_RETURN_TYPE = YES_ERROR;
				GCC_WARN_UNDECLARED_SELECTOR = YES;
				GCC_WARN_UNINITIALIZED_AUTOS = YES_AGGRESSIVE;
				GCC_WARN_UNUSED_FUNCTION = YES;
				GCC_WARN_UNUSED_VARIABLE = YES;
				IPHONEOS_DEPLOYMENT_TARGET = 7.1;
				SDKROOT = iphoneos;
				VALIDATE_PRODUCT = YES;
			};
			name = Release;
		};
		1A1C301A18E20AC000CF7B34 /* Debug */ = {
			isa = XCBuildConfiguration;
			buildSettings = {
				ASSETCATALOG_COMPILER_APPICON_NAME = AppIcon;
				ASSETCATALOG_COMPILER_LAUNCHIMAGE_NAME = LaunchImage;
				GCC_PRECOMPILE_PREFIX_HEADER = YES;
				GCC_PREFIX_HEADER = "grid/grid-Prefix.pch";
				INFOPLIST_FILE = "grid/grid-Info.plist";
				PRODUCT_NAME = "$(TARGET_NAME)";
				WRAPPER_EXTENSION = app;
			};
			name = Debug;
		};
		1A1C301B18E20AC000CF7B34 /* Release */ = {
			isa = XCBuildConfiguration;
			buildSettings = {
				ASSETCATALOG_COMPILER_APPICON_NAME = AppIcon;
				ASSETCATALOG_COMPILER_LAUNCHIMAGE_NAME = LaunchImage;
				GCC_PRECOMPILE_PREFIX_HEADER = YES;
				GCC_PREFIX_HEADER = "grid/grid-Prefix.pch";
				INFOPLIST_FILE = "grid/grid-Info.plist";
				PRODUCT_NAME = "$(TARGET_NAME)";
				WRAPPER_EXTENSION = app;
			};
			name = Release;
		};
		1A1C301D18E20AC000CF7B34 /* Debug */ = {
			isa = XCBuildConfiguration;
			buildSettings = {
				BUNDLE_LOADER = "$(BUILT_PRODUCTS_DIR)/grid.app/grid";
				FRAMEWORK_SEARCH_PATHS = (
					"$(SDKROOT)/Developer/Library/Frameworks",
					"$(inherited)",
					"$(DEVELOPER_FRAMEWORKS_DIR)",
				);
				GCC_PRECOMPILE_PREFIX_HEADER = YES;
				GCC_PREFIX_HEADER = "grid/grid-Prefix.pch";
				GCC_PREPROCESSOR_DEFINITIONS = (
					"DEBUG=1",
					"$(inherited)",
				);
				INFOPLIST_FILE = "gridTests/gridTests-Info.plist";
				PRODUCT_NAME = "$(TARGET_NAME)";
				TEST_HOST = "$(BUNDLE_LOADER)";
				WRAPPER_EXTENSION = xctest;
			};
			name = Debug;
		};
		1A1C301E18E20AC000CF7B34 /* Release */ = {
			isa = XCBuildConfiguration;
			buildSettings = {
				BUNDLE_LOADER = "$(BUILT_PRODUCTS_DIR)/grid.app/grid";
				FRAMEWORK_SEARCH_PATHS = (
					"$(SDKROOT)/Developer/Library/Frameworks",
					"$(inherited)",
					"$(DEVELOPER_FRAMEWORKS_DIR)",
				);
				GCC_PRECOMPILE_PREFIX_HEADER = YES;
				GCC_PREFIX_HEADER = "grid/grid-Prefix.pch";
				INFOPLIST_FILE = "gridTests/gridTests-Info.plist";
				PRODUCT_NAME = "$(TARGET_NAME)";
				TEST_HOST = "$(BUNDLE_LOADER)";
				WRAPPER_EXTENSION = xctest;
			};
			name = Release;
		};
/* End XCBuildConfiguration section */

/* Begin XCConfigurationList section */
		1A1C2FE218E20AC000CF7B34 /* Build configuration list for PBXProject "grid" */ = {
			isa = XCConfigurationList;
			buildConfigurations = (
				1A1C301718E20AC000CF7B34 /* Debug */,
				1A1C301818E20AC000CF7B34 /* Release */,
			);
			defaultConfigurationIsVisible = 0;
			defaultConfigurationName = Release;
		};
		1A1C301918E20AC000CF7B34 /* Build configuration list for PBXNativeTarget "grid" */ = {
			isa = XCConfigurationList;
			buildConfigurations = (
				1A1C301A18E20AC000CF7B34 /* Debug */,
				1A1C301B18E20AC000CF7B34 /* Release */,
			);
			defaultConfigurationIsVisible = 0;
		};
		1A1C301C18E20AC000CF7B34 /* Build configuration list for PBXNativeTarget "gridTests" */ = {
			isa = XCConfigurationList;
			buildConfigurations = (
				1A1C301D18E20AC000CF7B34 /* Debug */,
				1A1C301E18E20AC000CF7B34 /* Release */,
			);
			defaultConfigurationIsVisible = 0;
		};
/* End XCConfigurationList section */
	};
	rootObject = 1A1C2FDF18E20AC000CF7B34 /* Project object */;
}
